<?xml version="1.0" encoding="utf-8"?>
<Project ToolsVersion="4.0" xmlns="http://schemas.microsoft.com/developer/msbuild/2003">
  <ItemGroup>
    <Filter Include="Source Files">
      <UniqueIdentifier>{4FC737F1-C7A5-4376-A066-2A32D752A2FF}</UniqueIdentifier>
      <Extensions>cpp;c;cc;cxx;def;odl;idl;hpj;bat;asm;asmx</Extensions>
    </Filter>
    <Filter Include="Header Files">
      <UniqueIdentifier>{93995380-89BD-4b04-88EB-625FBE52EBFB}</UniqueIdentifier>
      <Extensions>h;hpp;hxx;hm;inl;inc;xsd</Extensions>
    </Filter>
    <Filter Include="Resource Files">
      <UniqueIdentifier>{67DA6AB6-F800-4c08-8B7A-83BB121AAD01}</UniqueIdentifier>
      <Extensions>rc;ico;cur;bmp;dlg;rc2;rct;bin;rgs;gif;jpg;jpeg;jpe;resx;tiff;tif;png;wav;mfcribbon-ms</Extensions>
    </Filter>
  </ItemGroup>
  <ItemGroup>
    <Text Include="ReadMe.txt" />
  </ItemGroup>
  <ItemGroup>
    <ClInclude Include="E:\new pro\MIRACL-master (5)\include\miracl.h">
      <Filter>Header Files</Filter>
    </ClInclude>
    <ClInclude Include="E:\new pro\MIRACL-master (5)\include\mirdef.h">
      <Filter>Header Files</Filter>
    </ClInclude>
    <ClInclude Include="E:\new pro\MIRACL-master (5)\include\big.h">
      <Filter>Header Files</Filter>
    </ClInclude>
  </ItemGroup>
  <ItemGroup>
    <ClCompile Include="E:\new pro\MIRACL-master (5)\source\mr87f.c">
      <Filter>Source Files</Filter>
    </ClCompile>
    <ClCompile Include="E:\new pro\MIRACL-master (5)\source\mr87v.c">
      <Filter>Source Files</Filter>
    </ClCompile>
    <ClCompile Include="E:\new pro\MIRACL-master (5)\source\mraes.c">
      <Filter>Source Files</Filter>
    </ClCompile>
    <ClCompile Include="E:\new pro\MIRACL-master (5)\source\mralloc.c">
      <Filter>Source Files</Filter>
    </ClCompile>
    <ClCompile Include="E:\new pro\MIRACL-master (5)\source\mrarth0.c">
      <Filter>Source Files</Filter>
    </ClCompile>
    <ClCompile Include="E:\new pro\MIRACL-master (5)\source\mrarth1.c">
      <Filter>Source Files</Filter>
    </ClCompile>
    <ClCompile Include="E:\new pro\MIRACL-master (5)\source\mrarth2.c">
      <Filter>Source Files</Filter>
    </ClCompile>
    <ClCompile Include="E:\new pro\MIRACL-master (5)\source\mrarth3.c">
      <Filter>Source Files</Filter>
    </ClCompile>
    <ClCompile Include="E:\new pro\MIRACL-master (5)\source\mrbits.c">
      <Filter>Source Files</Filter>
    </ClCompile>
    <ClCompile Include="E:\new pro\MIRACL-master (5)\source\mrbrick.c">
      <Filter>Source Files</Filter>
    </ClCompile>
    <ClCompile Include="E:\new pro\MIRACL-master (5)\source\mrbuild.c">
      <Filter>Source Files</Filter>
    </ClCompile>
    <ClCompile Include="E:\new pro\MIRACL-master (5)\source\mrcore.c">
      <Filter>Source Files</Filter>
    </ClCompile>
    <ClCompile Include="E:\new pro\MIRACL-master (5)\source\mrcrt.c">
      <Filter>Source Files</Filter>
    </ClCompile>
    <ClCompile Include="E:\new pro\MIRACL-master (5)\source\mrcurve.c">
      <Filter>Source Files</Filter>
    </ClCompile>
    <ClCompile Include="E:\new pro\MIRACL-master (5)\source\mrdouble.c">
      <Filter>Source Files</Filter>
    </ClCompile>
    <ClCompile Include="E:\new pro\MIRACL-master (5)\source\mrebrick.c">
      <Filter>Source Files</Filter>
    </ClCompile>
    <ClCompile Include="E:\new pro\MIRACL-master (5)\source\mrec2m.c">
      <Filter>Source Files</Filter>
    </ClCompile>
    <ClCompile Include="E:\new pro\MIRACL-master (5)\source\mrecn2.c">
      <Filter>Source Files</Filter>
    </ClCompile>
    <ClCompile Include="E:\new pro\MIRACL-master (5)\source\mrfast.c">
      <Filter>Source Files</Filter>
    </ClCompile>
    <ClCompile Include="E:\new pro\MIRACL-master (5)\source\mrflash.c">
      <Filter>Source Files</Filter>
    </ClCompile>
    <ClCompile Include="E:\new pro\MIRACL-master (5)\source\mrflsh1.c">
      <Filter>Source Files</Filter>
    </ClCompile>
    <ClCompile Include="E:\new pro\MIRACL-master (5)\source\mrflsh2.c">
      <Filter>Source Files</Filter>
    </ClCompile>
    <ClCompile Include="E:\new pro\MIRACL-master (5)\source\mrflsh3.c">
      <Filter>Source Files</Filter>
    </ClCompile>
    <ClCompile Include="E:\new pro\MIRACL-master (5)\source\mrflsh4.c">
      <Filter>Source Files</Filter>
    </ClCompile>
    <ClCompile Include="E:\new pro\MIRACL-master (5)\source\mrfpe.c">
      <Filter>Source Files</Filter>
    </ClCompile>
    <ClCompile Include="E:\new pro\MIRACL-master (5)\source\mrfrnd.c">
      <Filter>Source Files</Filter>
    </ClCompile>
    <ClCompile Include="E:\new pro\MIRACL-master (5)\source\mrgcd.c">
      <Filter>Source Files</Filter>
    </ClCompile>
    <ClCompile Include="E:\new pro\MIRACL-master (5)\source\mrgcm.c">
      <Filter>Source Files</Filter>
    </ClCompile>
    <ClCompile Include="E:\new pro\MIRACL-master (5)\source\mrgf2m.c">
      <Filter>Source Files</Filter>
    </ClCompile>
    <ClCompile Include="E:\new pro\MIRACL-master (5)\source\mrio1.c">
      <Filter>Source Files</Filter>
    </ClCompile>
    <ClCompile Include="E:\new pro\MIRACL-master (5)\source\mrio2.c">
      <Filter>Source Files</Filter>
    </ClCompile>
    <ClCompile Include="E:\new pro\MIRACL-master (5)\source\mrjack.c">
      <Filter>Source Files</Filter>
    </ClCompile>
    <ClCompile Include="E:\new pro\MIRACL-master (5)\source\mrlucas.c">
      <Filter>Source Files</Filter>
    </ClCompile>
    <ClCompile Include="E:\new pro\MIRACL-master (5)\source\mrmonty.c">
      <Filter>Source Files</Filter>
    </ClCompile>
    <ClCompile Include="E:\new pro\MIRACL-master (5)\source\mrmuldv.c">
      <Filter>Source Files</Filter>
    </ClCompile>
    <ClCompile Include="E:\new pro\MIRACL-master (5)\source\mrpi.c">
      <Filter>Source Files</Filter>
    </ClCompile>
    <ClCompile Include="E:\new pro\MIRACL-master (5)\source\mrpower.c">
      <Filter>Source Files</Filter>
    </ClCompile>
    <ClCompile Include="E:\new pro\MIRACL-master (5)\source\mrprime.c">
      <Filter>Source Files</Filter>
    </ClCompile>
    <ClCompile Include="E:\new pro\MIRACL-master (5)\source\mrrand.c">
      <Filter>Source Files</Filter>
    </ClCompile>
    <ClCompile Include="E:\new pro\MIRACL-master (5)\source\mrround.c">
      <Filter>Source Files</Filter>
    </ClCompile>
    <ClCompile Include="E:\new pro\MIRACL-master (5)\source\mrscrt.c">
      <Filter>Source Files</Filter>
    </ClCompile>
    <ClCompile Include="E:\new pro\MIRACL-master (5)\source\mrsha3.c">
      <Filter>Source Files</Filter>
    </ClCompile>
    <ClCompile Include="E:\new pro\MIRACL-master (5)\source\mrshs.c">
      <Filter>Source Files</Filter>
    </ClCompile>
    <ClCompile Include="E:\new pro\MIRACL-master (5)\source\mrshs256.c">
      <Filter>Source Files</Filter>
    </ClCompile>
    <ClCompile Include="E:\new pro\MIRACL-master (5)\source\mrshs512.c">
      <Filter>Source Files</Filter>
    </ClCompile>
    <ClCompile Include="E:\new pro\MIRACL-master (5)\source\mrsmall.c">
      <Filter>Source Files</Filter>
    </ClCompile>
    <ClCompile Include="E:\new pro\MIRACL-master (5)\source\mrsroot.c">
      <Filter>Source Files</Filter>
    </ClCompile>
    <ClCompile Include="E:\new pro\MIRACL-master (5)\source\mrstrong.c">
      <Filter>Source Files</Filter>
    </ClCompile>
    <ClCompile Include="E:\new pro\MIRACL-master (5)\source\mrxgcd.c">
      <Filter>Source Files</Filter>
    </ClCompile>
    <ClCompile Include="E:\new pro\MIRACL-master (5)\source\mrzzn2.c">
      <Filter>Source Files</Filter>
    </ClCompile>
    <ClCompile Include="E:\new pro\MIRACL-master (5)\source\mrzzn2b.c">
      <Filter>Source Files</Filter>
    </ClCompile>
    <ClCompile Include="E:\new pro\MIRACL-master (5)\source\mrzzn3.c">
      <Filter>Source Files</Filter>
    </ClCompile>
    <ClCompile Include="E:\new pro\MIRACL-master (5)\source\mrzzn4.c">
      <Filter>Source Files</Filter>
    </ClCompile>
  </ItemGroup>
</Project>