
Microsoft Visual Studio Solution File, Format Version 12.00
# Visual Studio 2012
Project("{8BC9CEB8-8B4A-11D0-8D11-00A0C91BC942}") = "Fuzzy IBE", "Fuzzy IBE\Fuzzy IBE.vcxproj", "{62AEA502-6134-495E-B0B9-F987622F8B1C}"
EndProject
Global
	GlobalSection(SolutionConfigurationPlatforms) = preSolution
		Debug|Win32 = Debug|Win32
		Release|Win32 = Release|Win32
	EndGlobalSection
	GlobalSection(ProjectConfigurationPlatforms) = postSolution
		{62AEA502-6134-495E-B0B9-F987622F8B1C}.Debug|Win32.ActiveCfg = Debug|Win32
		{62AEA502-6134-495E-B0B9-F987622F8B1C}.Debug|Win32.Build.0 = Debug|Win32
		{62AEA502-6134-495E-B0B9-F987622F8B1C}.Release|Win32.ActiveCfg = Release|Win32
		{62AEA502-6134-495E-B0B9-F987622F8B1C}.Release|Win32.Build.0 = Release|Win32
	EndGlobalSection
	GlobalSection(SolutionProperties) = preSolution
		HideSolutionNode = FALSE
	EndGlobalSection
EndGlobal
