
Microsoft Visual Studio Solution File, Format Version 12.00
# Visual Studio 2012
Project("{8BC9CEB8-8B4A-11D0-8D11-00A0C91BC942}") = "cpabe", "cpabe\cpabe.vcxproj", "{38EB93CE-157A-442A-9039-8B8D96E2B30F}"
EndProject
Global
	GlobalSection(SolutionConfigurationPlatforms) = preSolution
		Debug|Win32 = Debug|Win32
		Release|Win32 = Release|Win32
	EndGlobalSection
	GlobalSection(ProjectConfigurationPlatforms) = postSolution
		{38EB93CE-157A-442A-9039-8B8D96E2B30F}.Debug|Win32.ActiveCfg = Debug|Win32
		{38EB93CE-157A-442A-9039-8B8D96E2B30F}.Debug|Win32.Build.0 = Debug|Win32
		{38EB93CE-157A-442A-9039-8B8D96E2B30F}.Release|Win32.ActiveCfg = Release|Win32
		{38EB93CE-157A-442A-9039-8B8D96E2B30F}.Release|Win32.Build.0 = Release|Win32
	EndGlobalSection
	GlobalSection(SolutionProperties) = preSolution
		HideSolutionNode = FALSE
	EndGlobalSection
EndGlobal
